
Microsoft Visual Studio Solution File, Format Version 12.00
# Visual Studio Version 17
VisualStudioVersion = 17.8.34219.65
MinimumVisualStudioVersion = 10.0.40219.1
Project("{9A19103F-16F7-4668-BE54-9A1E7A4F7556}") = "CheetahToolbox", "CheetahToolbox.csproj", "{5BE0395A-B33F-4265-9FCF-C0DA8B9E1F9D}"
EndProject
Global
	GlobalSection(SolutionConfigurationPlatforms) = preSolution
		Debug_UI|Linux = Debug_UI|Linux
		Debug_UI|Windows = Debug_UI|Windows
		Debug|Linux = Debug|Linux
		Debug|Windows = Debug|Windows
		Release|Linux = Release|Linux
		Release|Windows = Release|Windows
	EndGlobalSection
	GlobalSection(ProjectConfigurationPlatforms) = postSolution
		{5BE0395A-B33F-4265-9FCF-C0DA8B9E1F9D}.Debug_UI|Linux.ActiveCfg = Debug_UI|Linux
		{5BE0395A-B33F-4265-9FCF-C0DA8B9E1F9D}.Debug_UI|Linux.Build.0 = Debug_UI|Linux
		{5BE0395A-B33F-4265-9FCF-C0DA8B9E1F9D}.Debug_UI|Windows.ActiveCfg = Debug_UI|Windows
		{5BE0395A-B33F-4265-9FCF-C0DA8B9E1F9D}.Debug_UI|Windows.Build.0 = Debug_UI|Windows
		{5BE0395A-B33F-4265-9FCF-C0DA8B9E1F9D}.Debug|Linux.ActiveCfg = Debug|Linux
		{5BE0395A-B33F-4265-9FCF-C0DA8B9E1F9D}.Debug|Linux.Build.0 = Debug|Linux
		{5BE0395A-B33F-4265-9FCF-C0DA8B9E1F9D}.Debug|Windows.ActiveCfg = Debug|Windows
		{5BE0395A-B33F-4265-9FCF-C0DA8B9E1F9D}.Debug|Windows.Build.0 = Debug|Windows
		{5BE0395A-B33F-4265-9FCF-C0DA8B9E1F9D}.Release|Linux.ActiveCfg = Release|Linux
		{5BE0395A-B33F-4265-9FCF-C0DA8B9E1F9D}.Release|Linux.Build.0 = Release|Linux
		{5BE0395A-B33F-4265-9FCF-C0DA8B9E1F9D}.Release|Windows.ActiveCfg = Release|Windows
		{5BE0395A-B33F-4265-9FCF-C0DA8B9E1F9D}.Release|Windows.Build.0 = Release|Windows
	EndGlobalSection
	GlobalSection(SolutionProperties) = preSolution
		HideSolutionNode = FALSE
	EndGlobalSection
	GlobalSection(ExtensibilityGlobals) = postSolution
		SolutionGuid = {5E4B9903-D812-4189-80E9-1782E1D61B8D}
	EndGlobalSection
EndGlobal
